
Microsoft Visual Studio Solution File, Format Version 12.00
# Visual Studio Version 17
VisualStudioVersion = 17.8.34408.163
MinimumVisualStudioVersion = 10.0.40219.1
Project("{9A19103F-16F7-4668-BE54-9A1E7A4F7556}") = "OpenClose", "OpenClose.csproj", "{32E36564-A8F3-4927-BAC8-0E728E81A245}"
EndProject
Global
	GlobalSection(SolutionConfigurationPlatforms) = preSolution
		Debug|Any CPU = Debug|Any CPU
		Release|Any CPU = Release|Any CPU
	EndGlobalSection
	GlobalSection(ProjectConfigurationPlatforms) = postSolution
		{32E36564-A8F3-4927-BAC8-0E728E81A245}.Debug|Any CPU.ActiveCfg = Debug|Any CPU
		{32E36564-A8F3-4927-BAC8-0E728E81A245}.Debug|Any CPU.Build.0 = Debug|Any CPU
		{32E36564-A8F3-4927-BAC8-0E728E81A245}.Release|Any CPU.ActiveCfg = Release|Any CPU
		{32E36564-A8F3-4927-BAC8-0E728E81A245}.Release|Any CPU.Build.0 = Release|Any CPU
	EndGlobalSection
	GlobalSection(SolutionProperties) = preSolution
		HideSolutionNode = FALSE
	EndGlobalSection
	GlobalSection(ExtensibilityGlobals) = postSolution
		SolutionGuid = {62B09220-38D2-4991-9295-C4DD2DC028E8}
	EndGlobalSection
EndGlobal
